
Microsoft Visual Studio Solution File, Format Version 12.00
# Visual Studio Version 17
VisualStudioVersion = 17.10.35013.160
MinimumVisualStudioVersion = 10.0.40219.1
Project("{FAE04EC0-301F-11D3-BF4B-00C04F79EFBC}") = "01-RubricaClientiConsole", "01-RubricaClientiConsole.csproj", "{26524C2F-6FA5-4E5A-B4FF-433C05ACA571}"
EndProject
Global
	GlobalSection(SolutionConfigurationPlatforms) = preSolution
		Debug|Any CPU = Debug|Any CPU
		Release|Any CPU = Release|Any CPU
	EndGlobalSection
	GlobalSection(ProjectConfigurationPlatforms) = postSolution
		{26524C2F-6FA5-4E5A-B4FF-433C05ACA571}.Debug|Any CPU.ActiveCfg = Debug|Any CPU
		{26524C2F-6FA5-4E5A-B4FF-433C05ACA571}.Debug|Any CPU.Build.0 = Debug|Any CPU
		{26524C2F-6FA5-4E5A-B4FF-433C05ACA571}.Release|Any CPU.ActiveCfg = Release|Any CPU
		{26524C2F-6FA5-4E5A-B4FF-433C05ACA571}.Release|Any CPU.Build.0 = Release|Any CPU
	EndGlobalSection
	GlobalSection(SolutionProperties) = preSolution
		HideSolutionNode = FALSE
	EndGlobalSection
	GlobalSection(ExtensibilityGlobals) = postSolution
		SolutionGuid = {432528AD-0746-48D4-8893-EDDE1F2D2318}
	EndGlobalSection
EndGlobal
